
Microsoft Visual Studio Solution File, Format Version 12.00
# Visual Studio 2013
VisualStudioVersion = 12.0.40629.0
MinimumVisualStudioVersion = 10.0.40219.1
Project("{FAE04EC0-301F-11D3-BF4B-00C04F79EFBC}") = "Feng.Winform.Controls", "Feng.Winform.Controls\Feng.Winform.Controls.csproj", "{062A8134-C9ED-44CE-846F-7A1AF4902EA3}"
EndProject
Project("{FAE04EC0-301F-11D3-BF4B-00C04F79EFBC}") = "Feng.Winform.Controls.Demo", "..\Feng.Winform.Controls.Demo\Feng.Winform.Controls.Demo.csproj", "{C08A7212-2414-465C-A88C-D5A5B42B1ACC}"
EndProject
Global
	GlobalSection(SolutionConfigurationPlatforms) = preSolution
		Debug|Any CPU = Debug|Any CPU
		Release|Any CPU = Release|Any CPU
	EndGlobalSection
	GlobalSection(ProjectConfigurationPlatforms) = postSolution
		{062A8134-C9ED-44CE-846F-7A1AF4902EA3}.Debug|Any CPU.ActiveCfg = Debug|Any CPU
		{062A8134-C9ED-44CE-846F-7A1AF4902EA3}.Debug|Any CPU.Build.0 = Debug|Any CPU
		{062A8134-C9ED-44CE-846F-7A1AF4902EA3}.Release|Any CPU.ActiveCfg = Release|Any CPU
		{062A8134-C9ED-44CE-846F-7A1AF4902EA3}.Release|Any CPU.Build.0 = Release|Any CPU
		{C08A7212-2414-465C-A88C-D5A5B42B1ACC}.Debug|Any CPU.ActiveCfg = Debug|Any CPU
		{C08A7212-2414-465C-A88C-D5A5B42B1ACC}.Debug|Any CPU.Build.0 = Debug|Any CPU
		{C08A7212-2414-465C-A88C-D5A5B42B1ACC}.Release|Any CPU.ActiveCfg = Release|Any CPU
		{C08A7212-2414-465C-A88C-D5A5B42B1ACC}.Release|Any CPU.Build.0 = Release|Any CPU
	EndGlobalSection
	GlobalSection(SolutionProperties) = preSolution
		HideSolutionNode = FALSE
	EndGlobalSection
EndGlobal
